
Microsoft Visual Studio Solution File, Format Version 12.00
# Visual Studio Version 16
VisualStudioVersion = 16.0.31702.278
MinimumVisualStudioVersion = 10.0.40219.1
Project("{FAE04EC0-301F-11D3-BF4B-00C04F79EFBC}") = "CST-150Activity7", "CST-150Activity7\CST-150Activity7.csproj", "{465E09B5-C7A9-4664-A3A7-D4F786CAD3AA}"
EndProject
Global
	GlobalSection(SolutionConfigurationPlatforms) = preSolution
		Debug|Any CPU = Debug|Any CPU
		Release|Any CPU = Release|Any CPU
	EndGlobalSection
	GlobalSection(ProjectConfigurationPlatforms) = postSolution
		{465E09B5-C7A9-4664-A3A7-D4F786CAD3AA}.Debug|Any CPU.ActiveCfg = Debug|Any CPU
		{465E09B5-C7A9-4664-A3A7-D4F786CAD3AA}.Debug|Any CPU.Build.0 = Debug|Any CPU
		{465E09B5-C7A9-4664-A3A7-D4F786CAD3AA}.Release|Any CPU.ActiveCfg = Release|Any CPU
		{465E09B5-C7A9-4664-A3A7-D4F786CAD3AA}.Release|Any CPU.Build.0 = Release|Any CPU
	EndGlobalSection
	GlobalSection(SolutionProperties) = preSolution
		HideSolutionNode = FALSE
	EndGlobalSection
	GlobalSection(ExtensibilityGlobals) = postSolution
		SolutionGuid = {66611393-D249-4F1E-AD5E-3010F82552D6}
	EndGlobalSection
EndGlobal
