
Microsoft Visual Studio Solution File, Format Version 12.00
# Visual Studio Version 16
VisualStudioVersion = 16.0.31702.278
MinimumVisualStudioVersion = 10.0.40219.1
Project("{FAE04EC0-301F-11D3-BF4B-00C04F79EFBC}") = "CST-150Activity14", "CST-150Activity14\CST-150Activity14.csproj", "{F79E63A8-4D15-46D4-BE3E-174A10C54F3A}"
EndProject
Global
	GlobalSection(SolutionConfigurationPlatforms) = preSolution
		Debug|Any CPU = Debug|Any CPU
		Release|Any CPU = Release|Any CPU
	EndGlobalSection
	GlobalSection(ProjectConfigurationPlatforms) = postSolution
		{F79E63A8-4D15-46D4-BE3E-174A10C54F3A}.Debug|Any CPU.ActiveCfg = Debug|Any CPU
		{F79E63A8-4D15-46D4-BE3E-174A10C54F3A}.Debug|Any CPU.Build.0 = Debug|Any CPU
		{F79E63A8-4D15-46D4-BE3E-174A10C54F3A}.Release|Any CPU.ActiveCfg = Release|Any CPU
		{F79E63A8-4D15-46D4-BE3E-174A10C54F3A}.Release|Any CPU.Build.0 = Release|Any CPU
	EndGlobalSection
	GlobalSection(SolutionProperties) = preSolution
		HideSolutionNode = FALSE
	EndGlobalSection
	GlobalSection(ExtensibilityGlobals) = postSolution
		SolutionGuid = {F4C38F2C-8546-48A9-BD5D-2573C21E4FEF}
	EndGlobalSection
EndGlobal
